github.com/go-test/deep v1.0.5/go.mod h1:QV8Hv/iy04NyLBxAdO9njL0iVPN1S4d/A3NVv1V36o8=
github.com/golang/glog v0.0.0-20160126235308-23def4e6c14b h1:VKtxabqXZkF25pY9ekfRL6a582T4P37/31XEstQ5p58=
github.com/golang/glog v0.0.0-20160126235308-23def4e6c14b/go.mod h1:SBH7ygxi8pfUlaOkMMuAQtPIUF8ecWP5IEl/CR7VP2Q=
github.com/sbezverk/gobmp/pkg/prefixsid v0.0.0-20200420194628-6cc21f2ad3fd h1:IADASoGO6N8kINLjhK4Z11uqLvjXgvIaJIiF/pRDZZo=
github.com/sbezverk/gobmp/pkg/prefixsid v0.0.0-20200420194628-6cc21f2ad3fd/go.mod h1:7StEI37UO9JsPl51EL0+wnq0WNTxezx2IGITtS5GK5o=
github.com/sbezverk/gobmp/pkg/prefixsid v0.0.0-20200426195957-034c26ec47d2 h1:DKkBaZSSfivwDVoZh1kA6NDEJ17lPgp+7wQbk0/UFeA=
github.com/sbezverk/gobmp/pkg/prefixsid v0.0.0-20200426195957-034c26ec47d2/go.mod h1:7StEI37UO9JsPl51EL0+wnq0WNTxezx2IGITtS5GK5o=
github.com/sbezverk/gobmp/pkg/prefixsid v0.0.0-20200428005941-b5965a82bf34 h1:gZ/Ytt4AnVex/3S1uueM/OjkLbs6PUz/vaO8syvlfJQ=
github.com/sbezverk/gobmp/pkg/prefixsid v0.0.0-20200428005941-b5965a82bf34/go.mod h1:7StEI37UO9JsPl51EL0+wnq0WNTxezx2IGITtS5GK5o=
github.com/sbezverk/gobmp/pkg/prefixsid v0.0.0-20200428011349-6c4ffcfd76f3 h1:oVp8hy+bscSjc/D2Fv8ihs8smhtOnuTvI5cNJX8nPZA=
github.com/sbezverk/gobmp/pkg/prefixsid v0.0.0-20200428011349-6c4ffcfd76f3/go.mod h1:6Z6blfSQjFCptQFd3HCiUpxRUSb0AoXCSmWQSMaX5ko=
github.com/sbezverk/gobmp/pkg/unicast v0.0.0-20200420194628-6cc21f2ad3fd h1:57XauI1Bzcud8uOAmCl4/Ob7Az9hI1C/7KODycQkZc0=
github.com/sbezverk/gobmp/pkg/unicast v0.0.0-20200420194628-6cc21f2ad3fd/go.mod h1:oRLemn6wUxRjPMFUa03BWfYK80SNJEAfGyECTrBDmuY=
github.com/sbezverk/gobmp/pkg/unicast v0.0.0-20200426195957-034c26ec47d2 h1:T8sbzCOqtrb0bgdChhj3u11JJEpn2f9wQM34/oj+2eE=
github.com/sbezverk/gobmp/pkg/unicast v0.0.0-20200426195957-034c26ec47d2/go.mod h1:oRLemn6wUxRjPMFUa03BWfYK80SNJEAfGyECTrBDmuY=
