github.com/golang/glog v0.0.0-20160126235308-23def4e6c14b h1:VKtxabqXZkF25pY9ekfRL6a582T4P37/31XEstQ5p58=
github.com/golang/glog v0.0.0-20160126235308-23def4e6c14b/go.mod h1:SBH7ygxi8pfUlaOkMMuAQtPIUF8ecWP5IEl/CR7VP2Q=
github.com/sbezverk/gobmp v0.0.0-20200406173530-6fe0294827ae h1:7H4l5lrjZZTO8WmTaJS6iKD3VT7mNlvy+lAW5HIIKKA=
