github.com/go-test/deep v1.0.5/go.mod h1:QV8Hv/iy04NyLBxAdO9njL0iVPN1S4d/A3NVv1V36o8=
github.com/golang/glog v0.0.0-20160126235308-23def4e6c14b h1:VKtxabqXZkF25pY9ekfRL6a582T4P37/31XEstQ5p58=
github.com/golang/glog v0.0.0-20160126235308-23def4e6c14b/go.mod h1:SBH7ygxi8pfUlaOkMMuAQtPIUF8ecWP5IEl/CR7VP2Q=
github.com/sbezverk/gobmp/pkg/evpn v0.0.0-20200506032342-04944823ac3f h1:ho+jdqM96QxVlQeMCmReIr4y+bT+aH0iyY1pEcsoexo=
github.com/sbezverk/gobmp/pkg/evpn v0.0.0-20200506032342-04944823ac3f/go.mod h1:7Ucv/06T5e0victPnXW8yokwsLONL7PqACCdem97sKw=
github.com/sbezverk/gobmp/pkg/l3vpn v0.0.0-20200506032342-04944823ac3f h1:xm5xm92vB9oTuEAd97ydectyKiUdMcBjzOMD9zaTvRQ=
github.com/sbezverk/gobmp/pkg/l3vpn v0.0.0-20200506032342-04944823ac3f/go.mod h1:/aN5VcQRmhF/j0QXylHpHiytUQcNL7a0YTuSGuRRFlQ=
github.com/sbezverk/gobmp/pkg/prefixsid v0.0.0-20200506032342-04944823ac3f h1:Tq9Ks0jolzUv96Wlw8mGAOkTnqQ92YtIUbUuaxDXqdM=
github.com/sbezverk/gobmp/pkg/prefixsid v0.0.0-20200506032342-04944823ac3f/go.mod h1:y1jynFoGJheg5YIPxk2VmI18DUbYJLMSD2rbWvsHE7o=
github.com/sbezverk/gobmp/pkg/unicast v0.0.0-20200506032342-04944823ac3f h1:0s6iWXy++WEojB2wYyKfuVolZB8BkyNPD07RlhT414A=
github.com/sbezverk/gobmp/pkg/unicast v0.0.0-20200506032342-04944823ac3f/go.mod h1:emTQvRWuK805mF3x8TX/i4ZlzUya1E9cCx+NLaSHULc=
