github.com/eapache/go-xerial-snappy v0.0.0-20180814174437-776d5712da21/go.mod h1:+020luEh2TKB4/GOp8oxxtq0Daoen/Cii55CzbTV6DU=
github.com/go-test/deep v1.0.5/go.mod h1:QV8Hv/iy04NyLBxAdO9njL0iVPN1S4d/A3NVv1V36o8=
github.com/golang/glog v0.0.0-20160126235308-23def4e6c14b h1:VKtxabqXZkF25pY9ekfRL6a582T4P37/31XEstQ5p58=
github.com/golang/glog v0.0.0-20160126235308-23def4e6c14b/go.mod h1:SBH7ygxi8pfUlaOkMMuAQtPIUF8ecWP5IEl/CR7VP2Q=
github.com/golang/snappy v0.0.1/go.mod h1:/XxbfmMg8lxefKM7IXC3fBNl/7bRcc72aCRzEWrmP2Q=
github.com/klauspost/compress v1.9.8/go.mod h1:RyIbtBH6LamlWaDj8nUwkbUhJ87Yi3uG0guNDohfE1A=
github.com/pierrec/lz4 v2.0.5+incompatible/go.mod h1:pdkljMzZIN41W+lC3N2tnIh5sFi+IEE17M5jbnwPHcY=
github.com/sbezverk/gobmp v0.0.0-20200506222259-57521a093f5d h1:M5r6EyZXRSbNRevIyccICK86kJ5Yg6XyLsrLXiuA2GY=
github.com/sbezverk/gobmp v0.0.0-20200506222259-57521a093f5d/go.mod h1:7edTV/j71d8VY5s6io8tKbFtcd+Cajs1zrW2EgfY6/Y=
github.com/sbezverk/gobmp v0.0.0-20200507012955-3207954567bb h1:eMkK6sPVXdAXR6LIEtbofzdDsPLPhxWY9gI5ccM2SGg=
github.com/sbezverk/gobmp/pkg/base v0.0.0-20200507012955-3207954567bb h1:VOV18elzoPnKexpx8woFiAI5HaC0tyXy+k+7iQZ8TQE=
github.com/sbezverk/gobmp/pkg/base v0.0.0-20200507012955-3207954567bb/go.mod h1:RDuwP4AOF38uOr3gy2y/l1daZu5TQJT96cErXTApCgU=
github.com/sbezverk/gobmp/pkg/bgp v0.0.0-20200507012955-3207954567bb h1:bqT+Q6H6nABuDGaeUPKnaOhOdceYXCed/tvWNLzebgM=
github.com/sbezverk/gobmp/pkg/bgp v0.0.0-20200507012955-3207954567bb/go.mod h1:IPpNDBLBkhSClqodBdojvbFZmpH7f0EjzqrXMo4Fa00=
github.com/sbezverk/gobmp/pkg/bgpls v0.0.0-20200507012955-3207954567bb h1:IChT0E0KAqgGx3Ga49gPkKNz9lTmYS3V8HjSt5Ex/lA=
github.com/sbezverk/gobmp/pkg/bgpls v0.0.0-20200507012955-3207954567bb/go.mod h1:uNitYGU9EcGpigiVpK5oR4odPDIhUr41jjvwKBQ9kVg=
github.com/sbezverk/gobmp/pkg/bmp v0.0.0-20200507012955-3207954567bb h1:chL6DJ+W6alqbIUVPyN/kOtcP9ZqBD0AgEkj8TUMoho=
github.com/sbezverk/gobmp/pkg/bmp v0.0.0-20200507012955-3207954567bb/go.mod h1:MfKnl0CtaxQl2sgFT2siG5a2n/9eGOLYXW2gKXXx6Yk=
github.com/sbezverk/gobmp/pkg/evpn v0.0.0-20200506032342-04944823ac3f/go.mod h1:7Ucv/06T5e0victPnXW8yokwsLONL7PqACCdem97sKw=
github.com/sbezverk/gobmp/pkg/evpn v0.0.0-20200506204513-5d750be958f3/go.mod h1:Y3Yj5+QqMnjKcCkr3R9tPJY7YLQ904+EeXgqNkHwCDk=
github.com/sbezverk/gobmp/pkg/evpn v0.0.0-20200506222259-57521a093f5d h1:+xdYnsCPFczaKFCUhCbs9YfIH2JC5n+dRB434t+b9as=
github.com/sbezverk/gobmp/pkg/evpn v0.0.0-20200506222259-57521a093f5d/go.mod h1:CNvaeKDqJrfoGnw7PKF71QttlzxU/jdmV8LoPrsHgXg=
github.com/sbezverk/gobmp/pkg/evpn v0.0.0-20200507012955-3207954567bb h1:BnnjlQ7HEyc7lKL8jetn1GfEzTdRC4uY5kTPIVf8FEg=
github.com/sbezverk/gobmp/pkg/evpn v0.0.0-20200507012955-3207954567bb/go.mod h1:uL1fgh9JOAg/HsTL1iD2i0BlSxijqGl4yQHZEx0cpe0=
github.com/sbezverk/gobmp/pkg/gobmpsrv v0.0.0-20200506204513-5d750be958f3/go.mod h1:ez4O66bVI988jERJxTAmbt82TpGKE3vMPPGH04w7Rgc=
github.com/sbezverk/gobmp/pkg/gobmpsrv v0.0.0-20200506222259-57521a093f5d/go.mod h1:eEoTNgAjdDJCCgyDJ7YHFeQqfAoDAoe4cG+qNyqSfhs=
github.com/sbezverk/gobmp/pkg/kafka v0.0.0-20200506204513-5d750be958f3/go.mod h1:8LE1zyTMJlBpyM0B43pBDcc+Lm01EknOsgwAZO1NGIM=
github.com/sbezverk/gobmp/pkg/kafka v0.0.0-20200506222259-57521a093f5d/go.mod h1:DTkdHphEeInF+8ZX31JQE0ShV3Z0JTESN8mUiHQrGKo=
github.com/sbezverk/gobmp/pkg/l3vpn v0.0.0-20200506032342-04944823ac3f/go.mod h1:/aN5VcQRmhF/j0QXylHpHiytUQcNL7a0YTuSGuRRFlQ=
github.com/sbezverk/gobmp/pkg/l3vpn v0.0.0-20200506204513-5d750be958f3/go.mod h1:ssNtMFjO/mYNnNS1LSaBFf+HI4X+zySc6TqqnNuvt9o=
github.com/sbezverk/gobmp/pkg/l3vpn v0.0.0-20200506222259-57521a093f5d h1:zeDFxxRElW1dd++Z7Ra9MzZaY+ItSrYTCBUX3Op5Q9A=
github.com/sbezverk/gobmp/pkg/l3vpn v0.0.0-20200506222259-57521a093f5d/go.mod h1:6fCgyBnlSuaxs/rWpbbjYNQhZSrvqacFpg+8HGJf23I=
github.com/sbezverk/gobmp/pkg/l3vpn v0.0.0-20200507012955-3207954567bb h1:SqqDQW6imKCuMcKLDZV3pq3cHhW+VzMYZwKDtTc9+xg=
github.com/sbezverk/gobmp/pkg/l3vpn v0.0.0-20200507012955-3207954567bb/go.mod h1:ZSHk/ASKqyZFTZHuGAngq1jtLIC8E52N6vtL4A/+ZgM=
github.com/sbezverk/gobmp/pkg/ls v0.0.0-20200506032342-04944823ac3f/go.mod h1:5AEdw+G4er34IE1449y+Y+5ngE9R1ltcsNgDd7CuVRw=
github.com/sbezverk/gobmp/pkg/ls v0.0.0-20200506204513-5d750be958f3/go.mod h1:S+w1fPAx5ohcXBRDlSrXdQiYPwxDjOJxCdCN9ywmTag=
github.com/sbezverk/gobmp/pkg/ls v0.0.0-20200506222259-57521a093f5d h1:w63D5HPPEMIiATd+/6xyD4UrRgxTl8VcsT3V/qMwruI=
github.com/sbezverk/gobmp/pkg/ls v0.0.0-20200506222259-57521a093f5d/go.mod h1:ox3FEIjY6NL1Wy/ml/06iH+fKzuUBupBf55FHMDdIKs=
github.com/sbezverk/gobmp/pkg/ls v0.0.0-20200507012955-3207954567bb h1:SS/kk6Vw6Lbz2xkGaBU0sWBFDYKyOw+XVvAaZEWm4rc=
github.com/sbezverk/gobmp/pkg/ls v0.0.0-20200507012955-3207954567bb/go.mod h1:gc59H89k3gRwkQelVB0NL+WBcEUw3CeTAt6CUJzcySM=
github.com/sbezverk/gobmp/pkg/message v0.0.0-20200506032342-04944823ac3f/go.mod h1:LvrsRpNPjBnqYDumyYIn+h7xrRo12gJidqZF0DSIDsI=
github.com/sbezverk/gobmp/pkg/message v0.0.0-20200506204513-5d750be958f3/go.mod h1:ALWfRo+qwQH/kFZhPZ+V2ytXds8BqmeBhFeDVBqbirU=
github.com/sbezverk/gobmp/pkg/message v0.0.0-20200506222259-57521a093f5d h1:BiZJ4P0RoeOjttsQzhnEOVlMk7tbaN6KtbsPqyqy8Rs=
github.com/sbezverk/gobmp/pkg/message v0.0.0-20200506222259-57521a093f5d/go.mod h1:kyAQd6eeCFmDoEMFipaO2uXcH22HZ9Gjp8eIvrBg5gM=
github.com/sbezverk/gobmp/pkg/message v0.0.0-20200507012955-3207954567bb h1:VRUMdeT8IPJC7nxQG39/80+p6kAQOQMOTR3n8Dv61ho=
github.com/sbezverk/gobmp/pkg/message v0.0.0-20200507012955-3207954567bb/go.mod h1:8xYsVTtshBgFdrqfMOLBcorTdPG0z/MkuQ/AfWH2d1A=
github.com/sbezverk/gobmp/pkg/parser v0.0.0-20200506032342-04944823ac3f/go.mod h1:TlGvnRVwFUM5E5pDQEraqD6vTyTpEZ953YiBD8tJGNw=
github.com/sbezverk/gobmp/pkg/parser v0.0.0-20200506204513-5d750be958f3/go.mod h1:foneJZY5UyHVRU3EI8MNcZ2sOwohex9UHxQmRPnVO/w=
github.com/sbezverk/gobmp/pkg/parser v0.0.0-20200506222259-57521a093f5d/go.mod h1:NmEl4jyL2FC9QM4fG5fJHf4AJB5gv/OVqr6Hn6hhE1Q=
github.com/sbezverk/gobmp/pkg/prefixsid v0.0.0-20200507012955-3207954567bb h1:pORYckNW1Pz3PibV29bl3/OCRkDShJGlmy2VdG3YDpY=
github.com/sbezverk/gobmp/pkg/prefixsid v0.0.0-20200507012955-3207954567bb/go.mod h1:obCE9Jve5ErMhuz7IUFOeFECSrMoiz054eS7A4w4AaA=
github.com/sbezverk/gobmp/pkg/pub v0.0.0-20200505182324-42790423b6c7/go.mod h1:K10XxuL+kMOgfDvE6MDIqXPVwCVNFrG8iTwrV6KxORs=
github.com/sbezverk/gobmp/pkg/pub v0.0.0-20200506032342-04944823ac3f/go.mod h1:K10XxuL+kMOgfDvE6MDIqXPVwCVNFrG8iTwrV6KxORs=
github.com/sbezverk/gobmp/pkg/pub v0.0.0-20200506204513-5d750be958f3/go.mod h1:K10XxuL+kMOgfDvE6MDIqXPVwCVNFrG8iTwrV6KxORs=
github.com/sbezverk/gobmp/pkg/pub v0.0.0-20200506222259-57521a093f5d h1:UZntNoZdO2Z5mv1vIVapYufnMsNAMitbRI4xwkQYEr0=
github.com/sbezverk/gobmp/pkg/pub v0.0.0-20200506222259-57521a093f5d/go.mod h1:K10XxuL+kMOgfDvE6MDIqXPVwCVNFrG8iTwrV6KxORs=
github.com/sbezverk/gobmp/pkg/pub v0.0.0-20200507012955-3207954567bb h1:VGl5Or3J6rkCJUE1uIzEKm88MrHSSudINns5yaydbSU=
github.com/sbezverk/gobmp/pkg/pub v0.0.0-20200507012955-3207954567bb/go.mod h1:K10XxuL+kMOgfDvE6MDIqXPVwCVNFrG8iTwrV6KxORs=
github.com/sbezverk/gobmp/pkg/sr v0.0.0-20200505182324-42790423b6c7/go.mod h1:cKdxFy5Hfb+Xd/88if4sCCthMBgkDOYENRgPF4q4l0k=
github.com/sbezverk/gobmp/pkg/sr v0.0.0-20200506032342-04944823ac3f/go.mod h1:OSF/h7w7p21G0aMHU1zC71kstzmvmIiKZU62TTFpCp0=
github.com/sbezverk/gobmp/pkg/sr v0.0.0-20200506204513-5d750be958f3/go.mod h1:7UAAemaqV72D01KKwPpVUXuTg83rR78VQQXsnY2gFLM=
github.com/sbezverk/gobmp/pkg/sr v0.0.0-20200506222259-57521a093f5d h1:W+4CdaqbwOvOBaUfMyNKtDU+9sKqnZGIZqwC7nh/FA4=
github.com/sbezverk/gobmp/pkg/sr v0.0.0-20200506222259-57521a093f5d/go.mod h1:v9R9fPhy3jOlI93QDWFC7ZN2rwe/duFVt2oWXxGNpQc=
github.com/sbezverk/gobmp/pkg/sr v0.0.0-20200507012955-3207954567bb h1:6b0BNH0TbOKcxtQ9H8i4okWXpKDHWs6aAS5fJJ5s/X0=
github.com/sbezverk/gobmp/pkg/sr v0.0.0-20200507012955-3207954567bb/go.mod h1:RkWvSV0Aod2fkUzqnf+jLomEpylRUxaBxAwTxqe2iGA=
github.com/sbezverk/gobmp/pkg/srv6 v0.0.0-20200507012955-3207954567bb h1:5tJMlkZmRyqJfwHQ3cVBJGxaNJLkNWLwsnERjIQ2elk=
github.com/sbezverk/gobmp/pkg/srv6 v0.0.0-20200507012955-3207954567bb/go.mod h1:T5pXBgSoRV/P2EYC5ccsEZedFxiNNK54BLtdF3aAHQM=
github.com/sbezverk/gobmp/pkg/tools v0.0.0-20200505182324-42790423b6c7/go.mod h1:XY3q43hOXcF64qjFKhFahQbrYSHm8jGK8gubrsumfE4=
github.com/sbezverk/gobmp/pkg/tools v0.0.0-20200506032342-04944823ac3f/go.mod h1:XY3q43hOXcF64qjFKhFahQbrYSHm8jGK8gubrsumfE4=
github.com/sbezverk/gobmp/pkg/tools v0.0.0-20200506204513-5d750be958f3/go.mod h1:XY3q43hOXcF64qjFKhFahQbrYSHm8jGK8gubrsumfE4=
github.com/sbezverk/gobmp/pkg/tools v0.0.0-20200506222259-57521a093f5d/go.mod h1:XY3q43hOXcF64qjFKhFahQbrYSHm8jGK8gubrsumfE4=
github.com/sbezverk/gobmp/pkg/tools v0.0.0-20200507012955-3207954567bb h1:lWkzl+IrK42SZ26KC2U5xjBYkhHiTPxDhu4BKHkgXsE=
github.com/sbezverk/gobmp/pkg/tools v0.0.0-20200507012955-3207954567bb/go.mod h1:XY3q43hOXcF64qjFKhFahQbrYSHm8jGK8gubrsumfE4=
github.com/sbezverk/gobmp/pkg/topology/dbclient v0.0.0-20200506222259-57521a093f5d h1:wK3sNDYCncLijuV3q9qz40C1YmmGp0qfHWkItz5uUpI=
github.com/sbezverk/gobmp/pkg/topology/dbclient v0.0.0-20200506222259-57521a093f5d/go.mod h1:5ly49IqmoL0Y5xqFPGL8t6MOc73zBvtodhL/xRlVVBo=
github.com/sbezverk/gobmp/pkg/topology/dbclient v0.0.0-20200507012955-3207954567bb h1:j0r3hl0tHap2cbRA6UDbLm68ALHIgYchEuSLg/EQbyQ=
github.com/sbezverk/gobmp/pkg/topology/dbclient v0.0.0-20200507012955-3207954567bb/go.mod h1:14sq05tbQiskZ7ADK0ABxipMQ0REogZOEXf3CCcScj8=
github.com/sbezverk/gobmp/pkg/topology/processor v0.0.0-20200507012955-3207954567bb h1:mr4tvFv7yhid0dty4k4q9JvQA5XQ1+RnU4D7s7S2W28=
github.com/sbezverk/gobmp/pkg/topology/processor v0.0.0-20200507012955-3207954567bb/go.mod h1:M0xZ59cT8yz8T0xl4/cg4hEUjovxcQewH83a4gNg4ZY=
github.com/sbezverk/gobmp/pkg/unicast v0.0.0-20200506032342-04944823ac3f/go.mod h1:emTQvRWuK805mF3x8TX/i4ZlzUya1E9cCx+NLaSHULc=
github.com/sbezverk/gobmp/pkg/unicast v0.0.0-20200506204513-5d750be958f3/go.mod h1:ix9bRavdUrZ+L58XQqtkqQD3h4HR2j2iJZnTMEHj5CE=
github.com/sbezverk/gobmp/pkg/unicast v0.0.0-20200506222259-57521a093f5d h1:oFyXpBFuWdymOKI6H6tYWyb9/0Kwo4qnJiUH3o1g5lQ=
github.com/sbezverk/gobmp/pkg/unicast v0.0.0-20200506222259-57521a093f5d/go.mod h1:2f1WhYt92LV9N5PNIiZvaZLxvpm3Qimg9ugbFI8WLL4=
github.com/sbezverk/gobmp/pkg/unicast v0.0.0-20200507012955-3207954567bb h1:LZu7c4aeGPW7c8/LrIi63sRmrYTeg7jt2g6/rbiiKG4=
github.com/sbezverk/gobmp/pkg/unicast v0.0.0-20200507012955-3207954567bb/go.mod h1:2PYLFCSUapSTKSdLe6gBEjs8yRS6Lyt/I3oqD86Qha8=
github.com/segmentio/kafka-go v0.3.6 h1:+JauPDvHurc4XSJVGniNwFuv4NmRLr1CxWvhWkRAtXA=
github.com/segmentio/kafka-go v0.3.6/go.mod h1:8rEphJEczp+yDE/R5vwmaqZgF1wllrl4ioQcNKB8wVA=
github.com/xdg/scram v0.0.0-20180814205039-7eeb5667e42c/go.mod h1:lB8K/P019DLNhemzwFU4jHLhdvlE6uDZjXFejJXr49I=
github.com/xdg/stringprep v1.0.0/go.mod h1:Jhud4/sHMO4oL310DaZAKk9ZaJ08SJfe+sJh0HrGL1Y=
golang.org/x/crypto v0.0.0-20190308221718-c2843e01d9a2/go.mod h1:djNgcEr1/C05ACkg1iLfiJU5Ep61QUkGW8qpdssI0+w=
golang.org/x/crypto v0.0.0-20190506204251-e1dfcc566284/go.mod h1:yigFU9vqHzYiE8UmvKecakEJjdnWj3jj499lnFckfCI=
golang.org/x/net v0.0.0-20190404232315-eb5bcb51f2a3/go.mod h1:t9HGtf8HONx5eT2rtn7q6eTqICYqUVnKs3thJo3Qplg=
golang.org/x/sys v0.0.0-20190215142949-d0b11bdaac8a/go.mod h1:STP8DvDyc/dI5b8T5hshtkjS+E42TnysNCUPdjciGhY=
golang.org/x/sys v0.0.0-20190412213103-97732733099d/go.mod h1:h1NjWce9XRLGQEsW7wpKNCjG9DtNlClVuFLEZdDNbEs=
golang.org/x/text v0.3.0/go.mod h1:NqM8EUOU14njkJ3fqMW+pc6Ldnwhi/IjpwHt7yyuwOQ=
