github.com/DataDog/zstd v1.4.0/go.mod h1:1jcaCB/ufaK+sKp1NBhlGmpz41jOoPQ35bpF36t7BBo=
github.com/arangodb/go-driver v0.0.0-20200403100147-ca5dd87ffe93 h1:n90D4zR3kU1aOr1s/yoizAMW3pBWYsfLa8z3aA9dUA8=
github.com/arangodb/go-driver v0.0.0-20200403100147-ca5dd87ffe93/go.mod h1:JG79qtPYRxUB6CdGWSH1XwpolSBjthuZX+Iaz/H38rA=
github.com/arangodb/go-velocypack v0.0.0-20200318135517-5af53c29c67e h1:Xg+hGrY2LcQBbxd0ZFdbGSyRKTYMZCfBbw/pMJFOk1g=
github.com/arangodb/go-velocypack v0.0.0-20200318135517-5af53c29c67e/go.mod h1:mq7Shfa/CaixoDxiyAAc5jZ6CVBAyPaNQCGS7mkj4Ho=
github.com/coreos/go-iptables v0.4.3/go.mod h1:/mVI274lEDI2ns62jHCDnCyBF9Iwsmekav8Dbxlm1MU=
github.com/davecgh/go-spew v1.1.0/go.mod h1:J7Y8YcW2NihsgmVo/mv3lAwl/skON4iLHjSsI+c5H38=
github.com/dchest/uniuri v0.0.0-20160212164326-8902c56451e9/go.mod h1:GgB8SF9nRG+GqaDtLcwJZsQFhcogVCJ79j4EdT0c2V4=
github.com/dgrijalva/jwt-go v3.2.0+incompatible/go.mod h1:E3ru+11k8xSBh+hMPgOLZmtrrCbhqsmaPHjLKYnJCaQ=
github.com/eapache/go-xerial-snappy v0.0.0-20180814174437-776d5712da21/go.mod h1:+020luEh2TKB4/GOp8oxxtq0Daoen/Cii55CzbTV6DU=
github.com/golang/glog v0.0.0-20160126235308-23def4e6c14b h1:VKtxabqXZkF25pY9ekfRL6a582T4P37/31XEstQ5p58=
github.com/golang/glog v0.0.0-20160126235308-23def4e6c14b/go.mod h1:SBH7ygxi8pfUlaOkMMuAQtPIUF8ecWP5IEl/CR7VP2Q=
github.com/golang/snappy v0.0.1/go.mod h1:/XxbfmMg8lxefKM7IXC3fBNl/7bRcc72aCRzEWrmP2Q=
github.com/pierrec/lz4 v2.0.5+incompatible/go.mod h1:pdkljMzZIN41W+lC3N2tnIh5sFi+IEE17M5jbnwPHcY=
github.com/pkg/errors v0.8.1/go.mod h1:bwawxfHBFNV+L2hUp1rHADufV3IMtnDRdf1r5NINEl0=
github.com/pmezard/go-difflib v1.0.0/go.mod h1:iKH77koFhYxTK1pcRnkKkqfTogsbg7gZNVY4sRDYZ/4=
github.com/sbezverk/gobmp v0.0.0-20200404092850-35ed51bd7e3a h1:JcXgIoFf0tqBZ7ryLuJjDEvlem+kNFhkUk5rCeUweKw=
github.com/sbezverk/gobmp v0.0.0-20200406173530-6fe0294827ae h1:7H4l5lrjZZTO8WmTaJS6iKD3VT7mNlvy+lAW5HIIKKA=
github.com/segmentio/kafka-go v0.3.5 h1:2JVT1inno7LxEASWj+HflHh5sWGfM0gkRiLAxkXhGG4=
github.com/segmentio/kafka-go v0.3.5/go.mod h1:OT5KXBPbaJJTcvokhWR2KFmm0niEx3mnccTwjmLvSi4=
github.com/stretchr/objx v0.1.0/go.mod h1:HFkY916IF+rwdDfMAkV7OtwuqBVzrE8GR6GFx+wExME=
github.com/stretchr/testify v1.5.1/go.mod h1:5W2xD1RspED5o8YsWQXVCued0rvSQ+mT+I5cxcmMvtA=
github.com/xdg/scram v0.0.0-20180814205039-7eeb5667e42c/go.mod h1:lB8K/P019DLNhemzwFU4jHLhdvlE6uDZjXFejJXr49I=
github.com/xdg/stringprep v1.0.0/go.mod h1:Jhud4/sHMO4oL310DaZAKk9ZaJ08SJfe+sJh0HrGL1Y=
golang.org/x/crypto v0.0.0-20190308221718-c2843e01d9a2/go.mod h1:djNgcEr1/C05ACkg1iLfiJU5Ep61QUkGW8qpdssI0+w=
golang.org/x/crypto v0.0.0-20190506204251-e1dfcc566284/go.mod h1:yigFU9vqHzYiE8UmvKecakEJjdnWj3jj499lnFckfCI=
golang.org/x/net v0.0.0-20190404232315-eb5bcb51f2a3/go.mod h1:t9HGtf8HONx5eT2rtn7q6eTqICYqUVnKs3thJo3Qplg=
golang.org/x/sys v0.0.0-20190215142949-d0b11bdaac8a/go.mod h1:STP8DvDyc/dI5b8T5hshtkjS+E42TnysNCUPdjciGhY=
golang.org/x/sys v0.0.0-20190412213103-97732733099d/go.mod h1:h1NjWce9XRLGQEsW7wpKNCjG9DtNlClVuFLEZdDNbEs=
golang.org/x/text v0.3.0/go.mod h1:NqM8EUOU14njkJ3fqMW+pc6Ldnwhi/IjpwHt7yyuwOQ=
gopkg.in/check.v1 v0.0.0-20161208181325-20d25e280405/go.mod h1:Co6ibVJAznAaIkqp8huTwlJQCZ016jof/cbN4VW5Yz0=
gopkg.in/yaml.v2 v2.2.2/go.mod h1:hI93XBmqTisBFMUTm0b8Fm+jr3Dg1NNxqwp+5A1VGuI=
